
Microsoft Visual Studio Solution File, Format Version 12.00
# Visual Studio 15
VisualStudioVersion = 15.0.27130.2010
MinimumVisualStudioVersion = 10.0.40219.1
Project("{FAE04EC0-301F-11D3-BF4B-00C04F79EFBC}") = "BankForm", "BankForm\BankForm.csproj", "{6783458F-212E-4882-9691-B6D70673FE67}"
EndProject
Global
	GlobalSection(SolutionConfigurationPlatforms) = preSolution
		Debug|Any CPU = Debug|Any CPU
		Release|Any CPU = Release|Any CPU
	EndGlobalSection
	GlobalSection(ProjectConfigurationPlatforms) = postSolution
		{6783458F-212E-4882-9691-B6D70673FE67}.Debug|Any CPU.ActiveCfg = Debug|Any CPU
		{6783458F-212E-4882-9691-B6D70673FE67}.Debug|Any CPU.Build.0 = Debug|Any CPU
		{6783458F-212E-4882-9691-B6D70673FE67}.Release|Any CPU.ActiveCfg = Release|Any CPU
		{6783458F-212E-4882-9691-B6D70673FE67}.Release|Any CPU.Build.0 = Release|Any CPU
	EndGlobalSection
	GlobalSection(SolutionProperties) = preSolution
		HideSolutionNode = FALSE
	EndGlobalSection
	GlobalSection(ExtensibilityGlobals) = postSolution
		SolutionGuid = {F0868F0A-0409-4034-8A39-CFFAF21B8086}
	EndGlobalSection
EndGlobal
